
Microsoft Visual Studio Solution File, Format Version 12.00
# Visual Studio Version 16
VisualStudioVersion = 16.0.29102.190
MinimumVisualStudioVersion = 10.0.40219.1
Project("{FAE04EC0-301F-11D3-BF4B-00C04F79EFBC}") = "GuessNumber", "GuessNumber\GuessNumber.csproj", "{437221ED-0EF6-4B38-9389-E8E4D39462BE}"
EndProject
Global
	GlobalSection(SolutionConfigurationPlatforms) = preSolution
		Debug|Any CPU = Debug|Any CPU
		Release|Any CPU = Release|Any CPU
	EndGlobalSection
	GlobalSection(ProjectConfigurationPlatforms) = postSolution
		{437221ED-0EF6-4B38-9389-E8E4D39462BE}.Debug|Any CPU.ActiveCfg = Debug|Any CPU
		{437221ED-0EF6-4B38-9389-E8E4D39462BE}.Debug|Any CPU.Build.0 = Debug|Any CPU
		{437221ED-0EF6-4B38-9389-E8E4D39462BE}.Release|Any CPU.ActiveCfg = Release|Any CPU
		{437221ED-0EF6-4B38-9389-E8E4D39462BE}.Release|Any CPU.Build.0 = Release|Any CPU
	EndGlobalSection
	GlobalSection(SolutionProperties) = preSolution
		HideSolutionNode = FALSE
	EndGlobalSection
	GlobalSection(ExtensibilityGlobals) = postSolution
		SolutionGuid = {9D994FA2-8535-425A-BDFB-4BF0B1127248}
	EndGlobalSection
EndGlobal
